
Microsoft Visual Studio Solution File, Format Version 12.00
# Visual Studio Version 17
VisualStudioVersion = 17.4.33213.308
MinimumVisualStudioVersion = 10.0.40219.1
Project("{FAE04EC0-301F-11D3-BF4B-00C04F79EFBC}") = "APBD01", "APBD01\APBD01.csproj", "{AB3855E8-FDA9-4B3E-8BAC-C2B9B3AB5C0F}"
EndProject
Global
	GlobalSection(SolutionConfigurationPlatforms) = preSolution
		Debug|Any CPU = Debug|Any CPU
		Release|Any CPU = Release|Any CPU
	EndGlobalSection
	GlobalSection(ProjectConfigurationPlatforms) = postSolution
		{AB3855E8-FDA9-4B3E-8BAC-C2B9B3AB5C0F}.Debug|Any CPU.ActiveCfg = Debug|Any CPU
		{AB3855E8-FDA9-4B3E-8BAC-C2B9B3AB5C0F}.Debug|Any CPU.Build.0 = Debug|Any CPU
		{AB3855E8-FDA9-4B3E-8BAC-C2B9B3AB5C0F}.Release|Any CPU.ActiveCfg = Release|Any CPU
		{AB3855E8-FDA9-4B3E-8BAC-C2B9B3AB5C0F}.Release|Any CPU.Build.0 = Release|Any CPU
	EndGlobalSection
	GlobalSection(SolutionProperties) = preSolution
		HideSolutionNode = FALSE
	EndGlobalSection
	GlobalSection(ExtensibilityGlobals) = postSolution
		SolutionGuid = {CA31C42D-80D1-4FAC-8351-BE129359A267}
	EndGlobalSection
EndGlobal
